PODS:
  - Alamofire (5.2.1)
  - AlamofireImage (4.1.0):
    - Alamofire (~> 5.1)
  - SnapKit (5.0.1)
  - SwiftyJSON (5.0.0)

DEPENDENCIES:
  - Alamofire
  - AlamofireImage
  - SnapKit
  - SwiftyJSON

SPEC REPOS:
  trunk:
    - Alamofire
    - AlamofireImage
    - SnapKit
    - SwiftyJSON

SPEC CHECKSUMS:
  Alamofire: e911732990610fe89af59ac0077f923d72dc3dfd
  AlamofireImage: c4a2ba349885fb3064feb74d2e547bd42ce9be10
  SnapKit: 97b92857e3df3a0c71833cce143274bf6ef8e5eb
  SwiftyJSON: 36413e04c44ee145039d332b4f4e2d3e8d6c4db7

PODFILE CHECKSUM: a91bdd5e680fc8f2ca2a933a2ef1db05aea23c34

COCOAPODS: 1.9.1
